
Microsoft Visual Studio Solution File, Format Version 12.00
# Visual Studio 2012
Project("{FAE04EC0-301F-11D3-BF4B-00C04F79EFBC}") = "ConsciousnessStream", "ConsciousnessStream\ConsciousnessStream.csproj", "{680942FE-C39A-4F96-B2DC-C91E95513BC7}"
EndProject
Project("{FAE04EC0-301F-11D3-BF4B-00C04F79EFBC}") = "IEventSourcedMyBrain", "IEventSourcedMyBrain\IEventSourcedMyBrain.csproj", "{316262A7-57EC-4C9C-8C11-CC0636D6AEB2}"
EndProject
Global
	GlobalSection(SolutionConfigurationPlatforms) = preSolution
		Debug|Any CPU = Debug|Any CPU
		Release|Any CPU = Release|Any CPU
	EndGlobalSection
	GlobalSection(ProjectConfigurationPlatforms) = postSolution
		{680942FE-C39A-4F96-B2DC-C91E95513BC7}.Debug|Any CPU.ActiveCfg = Debug|Any CPU
		{680942FE-C39A-4F96-B2DC-C91E95513BC7}.Debug|Any CPU.Build.0 = Debug|Any CPU
		{680942FE-C39A-4F96-B2DC-C91E95513BC7}.Release|Any CPU.ActiveCfg = Release|Any CPU
		{680942FE-C39A-4F96-B2DC-C91E95513BC7}.Release|Any CPU.Build.0 = Release|Any CPU
		{316262A7-57EC-4C9C-8C11-CC0636D6AEB2}.Debug|Any CPU.ActiveCfg = Debug|Any CPU
		{316262A7-57EC-4C9C-8C11-CC0636D6AEB2}.Debug|Any CPU.Build.0 = Debug|Any CPU
		{316262A7-57EC-4C9C-8C11-CC0636D6AEB2}.Release|Any CPU.ActiveCfg = Release|Any CPU
		{316262A7-57EC-4C9C-8C11-CC0636D6AEB2}.Release|Any CPU.Build.0 = Release|Any CPU
	EndGlobalSection
	GlobalSection(SolutionProperties) = preSolution
		HideSolutionNode = FALSE
	EndGlobalSection
EndGlobal
